
Microsoft Visual Studio Solution File, Format Version 12.00
# Visual Studio 14
VisualStudioVersion = 14.0.24720.0
MinimumVisualStudioVersion = 10.0.40219.1
Project("{FAE04EC0-301F-11D3-BF4B-00C04F79EFBC}") = "RestServer", "RestServer\RestServer.csproj", "{54CAB43C-75B8-4B2A-BBA3-76E92A48260D}"
EndProject
Project("{FAE04EC0-301F-11D3-BF4B-00C04F79EFBC}") = "RestService", "RestService\RestService.csproj", "{C70ECCAE-BAC9-4789-8C88-902C908ED348}"
EndProject
Global
	GlobalSection(SolutionConfigurationPlatforms) = preSolution
		Debug|Any CPU = Debug|Any CPU
		Release|Any CPU = Release|Any CPU
	EndGlobalSection
	GlobalSection(ProjectConfigurationPlatforms) = postSolution
		{54CAB43C-75B8-4B2A-BBA3-76E92A48260D}.Debug|Any CPU.ActiveCfg = Debug|Any CPU
		{54CAB43C-75B8-4B2A-BBA3-76E92A48260D}.Debug|Any CPU.Build.0 = Debug|Any CPU
		{54CAB43C-75B8-4B2A-BBA3-76E92A48260D}.Release|Any CPU.ActiveCfg = Release|Any CPU
		{54CAB43C-75B8-4B2A-BBA3-76E92A48260D}.Release|Any CPU.Build.0 = Release|Any CPU
		{C70ECCAE-BAC9-4789-8C88-902C908ED348}.Debug|Any CPU.ActiveCfg = Debug|Any CPU
		{C70ECCAE-BAC9-4789-8C88-902C908ED348}.Debug|Any CPU.Build.0 = Debug|Any CPU
		{C70ECCAE-BAC9-4789-8C88-902C908ED348}.Release|Any CPU.ActiveCfg = Release|Any CPU
		{C70ECCAE-BAC9-4789-8C88-902C908ED348}.Release|Any CPU.Build.0 = Release|Any CPU
	EndGlobalSection
	GlobalSection(SolutionProperties) = preSolution
		HideSolutionNode = FALSE
	EndGlobalSection
EndGlobal
